{
  "markbot": "001d5e76bec078f8920786aaa4d54997848e34a1c07b7c0f899d13bcdd91e912",
  "markbotignore": "030a4e6e1b3b6b510514a7ae54576e2c2ef762d56236c6414ef634955d96a126",
  "index-320.png": "36e85bf76a7c061d1bb7bce5996793714db470624a016faa79aa2f77cbdfe9d7",
  "index-400.png": "4d844ae1f03882008a01014062bfa746cbfbc81774f11052daa3dffd3537e009",
  "index-608.png": "ba9a7d0029fdaa5b9d972ff5b8ce7fd6a2e683a41cf67336a38341837edf6a8a",
  "index-960.png": "7db8272852d040aa2e2881764338c97bfabc5aa9246244396f09deb7ef07c3d9",
  "index-1440.png": "a4bffea7d55f49229719478b05156d8ab5f09ecac0de0e4cb7e5d00a525c6afc"
}